#MicroXplorer Configuration settings - do not modify
Mcu.Family=STM32F4
NVIC.USART3_IRQn=true\:5\:0\:false\:false\:true\:true\:true\:true
ProjectManager.MainLocation=Core/Src
PD12.GPIO_Label=MY_LED1
USB_DEVICE.CLASS_NAME_FS=CDC
PH0-OSC_IN.Signal=RCC_OSC_IN
VP_SYS_VS_tim6.Mode=TIM6
RCC.CortexFreq_Value=168000000
TIM2.Channel-Input_Capture1_from_TI1=TIM_CHANNEL_1
ProjectManager.KeepUserCode=true
Mcu.UserName=STM32F407VGTx
NVIC.TIM6_DAC_IRQn=true\:0\:0\:false\:false\:true\:false\:false\:true
RCC.PLLCLKFreq_Value=168000000
RCC.PLLQCLKFreq_Value=48000000
ProjectManager.functionlistsort=1-MX_GPIO_Init-GPIO-false-HAL-true,2-MX_DMA_Init-DMA-false-HAL-true,3-SystemClock_Config-RCC-false-HAL-false,4-MX_USB_DEVICE_Init-USB_DEVICE-false-HAL-false,5-MX_USART3_UART_Init-USART3-false-HAL-true,6-MX_TIM2_Init-TIM2-false-HAL-true,7-MX_DAC_Init-DAC-false-HAL-true,8-MX_TIM4_Init-TIM4-false-HAL-true
PD8.Locked=true
PA11.Mode=Device_Only
RCC.RTCFreq_Value=32000
USB_DEVICE.VirtualMode-CDC_FS=Cdc
PD9.Mode=Asynchronous
PinOutPanel.RotationAngle=0
TIM4.TIM_MasterOutputTrigger=TIM_TRGO_UPDATE
RCC.SYSCLKSource=RCC_SYSCLKSOURCE_PLLCLK
ProjectManager.StackSize=0x400
PD13.Signal=GPIO_Output
Mcu.IP4=RCC
RCC.FCLKCortexFreq_Value=168000000
Mcu.IP5=SYS
PD13.Locked=true
Mcu.IP2=FREERTOS
NVIC.SVCall_IRQn=true\:0\:0\:false\:false\:false\:false\:false\:false
Mcu.IP3=NVIC
Mcu.IP0=DAC
Mcu.IP1=DMA
PA12.Signal=USB_OTG_FS_DP
USART3.BaudRate=9600
Mcu.UserConstants=
Mcu.ThirdPartyNb=0
RCC.HCLKFreq_Value=168000000
Mcu.IPNb=11
Dma.DAC1.0.PeriphInc=DMA_PINC_DISABLE
RCC.I2SClocksFreq_Value=192000000
TIM2.IPParameters=Channel-Input_Capture1_from_TI1,Channel-Input_Capture2_from_TI2,Period
ProjectManager.PreviousToolchain=
RCC.APB2TimFreq_Value=168000000
RCC.VcooutputI2S=192000000
Mcu.Pin6=PD9
VP_TIM2_VS_ClockSourceINT.Signal=TIM2_VS_ClockSourceINT
Mcu.Pin7=PD12
PD8.Signal=USART3_TX
Mcu.Pin8=PD13
Mcu.Pin9=PD14
FREERTOS.IPParameters=Tasks01,FootprintOK,HEAP_NUMBER
Dma.DAC1.0.Direction=DMA_MEMORY_TO_PERIPH
RCC.AHBFreq_Value=168000000
PH0-OSC_IN.Mode=HSE-External-Oscillator
Mcu.Pin0=PH0-OSC_IN
Mcu.Pin1=PH1-OSC_OUT
Mcu.Pin2=PA0-WKUP
Mcu.Pin3=PA1
Mcu.Pin4=PA4
PA0-WKUP.GPIOParameters=GPIO_Label
Mcu.Pin5=PD8
ProjectManager.ProjectBuild=false
RCC.HSE_VALUE=8000000
NVIC.UsageFault_IRQn=true\:0\:0\:false\:false\:true\:false\:false\:false
NVIC.DebugMonitor_IRQn=true\:0\:0\:false\:false\:true\:false\:false\:false
Mcu.IP10=USB_OTG_FS
NVIC.SysTick_IRQn=true\:15\:0\:false\:false\:false\:true\:false\:true
ProjectManager.FirmwarePackage=STM32Cube FW_F4 V1.25.2
MxDb.Version=DB.6.0.10
PA1.GPIOParameters=GPIO_Label
Dma.DAC1.0.Priority=DMA_PRIORITY_LOW
ProjectManager.BackupPrevious=false
DAC.DAC_Trigger=DAC_TRIGGER_T4_TRGO
RCC.VCOInputFreq_Value=2000000
Dma.DAC1.0.FIFOMode=DMA_FIFOMODE_DISABLE
USB_DEVICE.MANUFACTURER_STRING-CDC_FS=WideUSB Project
FREERTOS.HEAP_NUMBER=3
NVIC.TIM2_IRQn=true\:5\:0\:false\:false\:true\:true\:true\:true
File.Version=6
DAC.DAC_OutputBuffer=DAC_OUTPUTBUFFER_ENABLE
NVIC.PendSV_IRQn=true\:15\:0\:false\:false\:false\:true\:false\:false
TIM4.Period=50
USART3.StopBits=STOPBITS_1
VP_FREERTOS_VS_CMSIS_V1.Mode=CMSIS_V1
DAC.IPParameters=DAC_Trigger,DAC_OutputBuffer
Dma.RequestsNb=1
ProjectManager.HalAssertFull=true
ProjectManager.ProjectName=wideusb
USB_DEVICE.APP_RX_DATA_SIZE-CDC_FS=1024
PH1-OSC_OUT.Mode=HSE-External-Oscillator
RCC.MCO2PinFreq_Value=168000000
Mcu.Package=LQFP100
Dma.DAC1.0.PeriphDataAlignment=DMA_PDATAALIGN_HALFWORD
NVIC.TimeBase=TIM6_DAC_IRQn
SH.COMP_DAC1_group.ConfNb=1
PD12.Signal=GPIO_Output
NVIC.OTG_FS_IRQn=true\:5\:0\:false\:false\:true\:true\:false\:true
Dma.DAC1.0.Mode=DMA_NORMAL
TIM2.Channel-Input_Capture2_from_TI2=TIM_CHANNEL_2
ProjectManager.ToolChainLocation=
PD14.Locked=true
RCC.LSI_VALUE=32000
NVIC.TimeBaseIP=TIM6
USART3.IPParameters=VirtualMode,BaudRate,OverSampling,Mode,StopBits
FREERTOS.FootprintOK=true
USB_OTG_FS.VirtualMode=Device_Only
VP_USB_DEVICE_VS_USB_DEVICE_CDC_FS.Signal=USB_DEVICE_VS_USB_DEVICE_CDC_FS
RCC.APB2CLKDivider=RCC_HCLK_DIV2
RCC.APB1TimFreq_Value=84000000
NVIC.BusFault_IRQn=true\:0\:0\:false\:false\:true\:false\:false\:false
USB_OTG_FS.IPParameters=VirtualMode
Dma.Request0=DAC1
PA4.GPIO_Label=DAC_OUT_CH_1
PD15.Signal=GPIO_Output
ProjectManager.CustomerFirmwarePackage=
PD12.PinState=GPIO_PIN_RESET
SH.COMP_DAC1_group.0=DAC_OUT1,DAC_OUT1
ProjectManager.ProjectFileName=wideusb.ioc
FREERTOS.Tasks01=defaultTask,0,1024,StartDefaultTask,Default,NULL,Dynamic,NULL,NULL
Dma.DAC1.0.Instance=DMA1_Stream5
Mcu.PinsNb=18
ProjectManager.NoMain=false
USB_DEVICE.VirtualModeFS=Cdc_FS
NVIC.SavedSvcallIrqHandlerGenerated=true
ProjectManager.DefaultFWLocation=true
PD9.Signal=USART3_RX
ProjectManager.DeletePrevious=true
RCC.APB1CLKDivider=RCC_HCLK_DIV4
USB_DEVICE.IPParameters=VirtualMode-CDC_FS,VirtualModeFS,CLASS_NAME_FS,MANUFACTURER_STRING-CDC_FS,PRODUCT_STRING_CDC_FS,APP_RX_DATA_SIZE-CDC_FS
SH.S_TIM2_CH1_ETR.ConfNb=1
RCC.FamilyName=M
PA0-WKUP.GPIO_Label=TIM2_CAPTURE_SIGNAL
PA0-WKUP.Signal=S_TIM2_CH1_ETR
PA0-WKUP.Locked=true
PD12.Locked=true
Dma.DAC1.0.MemDataAlignment=DMA_MDATAALIGN_HALFWORD
USART3.OverSampling=UART_OVERSAMPLING_16
VP_FREERTOS_VS_CMSIS_V1.Signal=FREERTOS_VS_CMSIS_V1
SH.S_TIM2_CH2.0=TIM2_CH2,Input_Capture2_from_TI2
PD12.GPIOParameters=PinState,GPIO_Label
VP_TIM4_VS_ClockSourceINT.Signal=TIM4_VS_ClockSourceINT
ProjectManager.TargetToolchain=Makefile
TIM4.IPParameters=Prescaler,Period,TIM_MasterOutputTrigger
USB_DEVICE.PRODUCT_STRING_CDC_FS=WideUSB Virtual ComPort
NVIC.DMA1_Stream5_IRQn=true\:5\:0\:false\:false\:true\:true\:false\:true
VP_USB_DEVICE_VS_USB_DEVICE_CDC_FS.Mode=CDC_FS
SH.S_TIM2_CH2.ConfNb=1
ProjectManager.RegisterCallBack=
TIM4.Prescaler=20
RCC.LSE_VALUE=32768
PD8.Mode=Asynchronous
PA1.Signal=S_TIM2_CH2
RCC.VCOI2SOutputFreq_Value=384000000
board=custom
RCC.VCOOutputFreq_Value=336000000
ProjectManager.LastFirmware=true
VP_SYS_VS_tim6.Signal=SYS_VS_tim6
NVIC.SavedSystickIrqHandlerGenerated=true
RCC.APB2Freq_Value=84000000
MxCube.Version=6.1.2
VP_TIM2_VS_ClockSourceINT.Mode=Internal
PA1.GPIO_Label=TIM2_CAPTURE_GPS_PPS
RCC.EthernetFreq_Value=168000000
PH1-OSC_OUT.Signal=RCC_OSC_OUT
NVIC.NonMaskableInt_IRQn=true\:0\:0\:false\:false\:true\:false\:false\:false
PA4.GPIOParameters=GPIO_Label
TIM2.Period=4294967295
ProjectManager.FreePins=false
RCC.IPParameters=48MHZClocksFreq_Value,AHBFreq_Value,APB1CLKDivider,APB1Freq_Value,APB1TimFreq_Value,APB2CLKDivider,APB2Freq_Value,APB2TimFreq_Value,CortexFreq_Value,EthernetFreq_Value,FCLKCortexFreq_Value,FamilyName,HCLKFreq_Value,HSE_VALUE,HSI_VALUE,I2SClocksFreq_Value,LSE_VALUE,LSI_VALUE,MCO2PinFreq_Value,PLLCLKFreq_Value,PLLM,PLLN,PLLQ,PLLQCLKFreq_Value,RTCFreq_Value,RTCHSEDivFreq_Value,SYSCLKFreq_VALUE,SYSCLKSource,VCOI2SOutputFreq_Value,VCOInputFreq_Value,VCOOutputFreq_Value,VcooutputI2S
ProjectManager.AskForMigrate=true
Mcu.Name=STM32F407V(E-G)Tx
NVIC.SavedPendsvIrqHandlerGenerated=true
RCC.RTCHSEDivFreq_Value=4000000
ProjectManager.UnderRoot=false
Mcu.IP8=USART3
Mcu.IP9=USB_DEVICE
Mcu.IP6=TIM2
PD14.Signal=GPIO_Output
Mcu.IP7=TIM4
ProjectManager.CoupleFile=true
RCC.48MHZClocksFreq_Value=48000000
PA4.Signal=COMP_DAC1_group
RCC.SYSCLKFreq_VALUE=168000000
USART3.Mode=MODE_TX_RX
PA1.Locked=true
PA12.Mode=Device_Only
Dma.DAC1.0.MemInc=DMA_MINC_ENABLE
NVIC.ForceEnableDMAVector=true
KeepUserPlacement=false
USART3.VirtualMode=VM_ASYNC
NVIC.MemoryManagement_IRQn=true\:0\:0\:false\:false\:true\:false\:false\:false
ProjectManager.CompilerOptimize=6
PD15.Locked=true
PA11.Signal=USB_OTG_FS_DM
SH.S_TIM2_CH1_ETR.0=TIM2_CH1,Input_Capture1_from_TI1
ProjectManager.HeapSize=0x200
Mcu.Pin15=VP_TIM2_VS_ClockSourceINT
NVIC.HardFault_IRQn=true\:0\:0\:false\:false\:true\:false\:false\:false
Mcu.Pin16=VP_TIM4_VS_ClockSourceINT
Mcu.Pin13=VP_FREERTOS_VS_CMSIS_V1
Mcu.Pin14=VP_SYS_VS_tim6
ProjectManager.ComputerToolchain=false
Mcu.Pin17=VP_USB_DEVICE_VS_USB_DEVICE_CDC_FS
RCC.HSI_VALUE=16000000
VP_TIM4_VS_ClockSourceINT.Mode=Internal
RCC.PLLQ=7
NVIC.PriorityGroup=NVIC_PRIORITYGROUP_4
Mcu.Pin11=PA11
Mcu.Pin12=PA12
RCC.PLLM=4
RCC.PLLN=168
Mcu.Pin10=PD15
Dma.DAC1.0.RequestParameters=Instance,Direction,PeriphInc,MemInc,PeriphDataAlignment,MemDataAlignment,Mode,Priority,FIFOMode
PD9.Locked=true
RCC.APB1Freq_Value=42000000
ProjectManager.DeviceId=STM32F407VGTx
ProjectManager.LibraryCopy=1
